
Microsoft Visual Studio Solution File, Format Version 12.00
# Visual Studio 15
VisualStudioVersion = 15.0.27004.2010
MinimumVisualStudioVersion = 10.0.40219.1
Project("{FAE04EC0-301F-11D3-BF4B-00C04F79EFBC}") = "Tanks", "Tanks\Tanks.csproj", "{BD2F4B5A-1A70-42F3-83E8-EDA7927F8590}"
EndProject
Project("{FAE04EC0-301F-11D3-BF4B-00C04F79EFBC}") = "MyClassLib", "MyClassLib\MyClassLib.csproj", "{F15956AF-1A77-44E1-BF98-854A2CF65D10}"
EndProject
Global
	GlobalSection(SolutionConfigurationPlatforms) = preSolution
		Debug|Any CPU = Debug|Any CPU
		Release|Any CPU = Release|Any CPU
	EndGlobalSection
	GlobalSection(ProjectConfigurationPlatforms) = postSolution
		{BD2F4B5A-1A70-42F3-83E8-EDA7927F8590}.Debug|Any CPU.ActiveCfg = Debug|Any CPU
		{BD2F4B5A-1A70-42F3-83E8-EDA7927F8590}.Debug|Any CPU.Build.0 = Debug|Any CPU
		{BD2F4B5A-1A70-42F3-83E8-EDA7927F8590}.Release|Any CPU.ActiveCfg = Release|Any CPU
		{BD2F4B5A-1A70-42F3-83E8-EDA7927F8590}.Release|Any CPU.Build.0 = Release|Any CPU
		{F15956AF-1A77-44E1-BF98-854A2CF65D10}.Debug|Any CPU.ActiveCfg = Debug|Any CPU
		{F15956AF-1A77-44E1-BF98-854A2CF65D10}.Debug|Any CPU.Build.0 = Debug|Any CPU
		{F15956AF-1A77-44E1-BF98-854A2CF65D10}.Release|Any CPU.ActiveCfg = Release|Any CPU
		{F15956AF-1A77-44E1-BF98-854A2CF65D10}.Release|Any CPU.Build.0 = Release|Any CPU
	EndGlobalSection
	GlobalSection(SolutionProperties) = preSolution
		HideSolutionNode = FALSE
	EndGlobalSection
	GlobalSection(ExtensibilityGlobals) = postSolution
		SolutionGuid = {0AB0F78A-E7E5-4FE4-9DF0-A5B1D281B771}
	EndGlobalSection
EndGlobal
